
Microsoft Visual Studio Solution File, Format Version 12.00
# Visual Studio 15
VisualStudioVersion = 15.0.28010.2036
MinimumVisualStudioVersion = 10.0.40219.1
Project("{FAE04EC0-301F-11D3-BF4B-00C04F79EFBC}") = "Lab08LINQ", "Lab08LINQ\Lab08LINQ.csproj", "{74D7D707-9B05-4B16-B70A-E1E60A17B89D}"
EndProject
Global
	GlobalSection(SolutionConfigurationPlatforms) = preSolution
		Debug|Any CPU = Debug|Any CPU
		Release|Any CPU = Release|Any CPU
	EndGlobalSection
	GlobalSection(ProjectConfigurationPlatforms) = postSolution
		{74D7D707-9B05-4B16-B70A-E1E60A17B89D}.Debug|Any CPU.ActiveCfg = Debug|Any CPU
		{74D7D707-9B05-4B16-B70A-E1E60A17B89D}.Debug|Any CPU.Build.0 = Debug|Any CPU
		{74D7D707-9B05-4B16-B70A-E1E60A17B89D}.Release|Any CPU.ActiveCfg = Release|Any CPU
		{74D7D707-9B05-4B16-B70A-E1E60A17B89D}.Release|Any CPU.Build.0 = Release|Any CPU
	EndGlobalSection
	GlobalSection(SolutionProperties) = preSolution
		HideSolutionNode = FALSE
	EndGlobalSection
	GlobalSection(ExtensibilityGlobals) = postSolution
		SolutionGuid = {E88EDAC9-4C88-4F64-B8B8-B67269C93DAE}
	EndGlobalSection
EndGlobal
